
Microsoft Visual Studio Solution File, Format Version 12.00
# Visual Studio 14
VisualStudioVersion = 14.0.25420.1
MinimumVisualStudioVersion = 10.0.40219.1
Project("{FAE04EC0-301F-11D3-BF4B-00C04F79EFBC}") = "CreateDeviceIdentity", "CreateDeviceIdentity\CreateDeviceIdentity.csproj", "{F8FA3582-3713-4B0B-B8CD-8C72AD054DB0}"
EndProject
Project("{FAE04EC0-301F-11D3-BF4B-00C04F79EFBC}") = "ReadDeviceToCloudMessages", "ReadDeviceToCloudMessages\ReadDeviceToCloudMessages.csproj", "{7D50BAB6-7ECF-4B2A-9877-DA120736A1F2}"
EndProject
Project("{FAE04EC0-301F-11D3-BF4B-00C04F79EFBC}") = "SimulatedDevice", "SimulatedDevice\SimulatedDevice.csproj", "{E5D9A737-0D9F-477F-9808-8B5BF77BEE37}"
EndProject
Project("{2150E333-8FDC-42A3-9474-1A3956D46DE8}") = "Samples", "Samples", "{D9AA3AED-CDD8-44C8-A1FC-65EDD4C179A6}"
EndProject
Project("{FAE04EC0-301F-11D3-BF4B-00C04F79EFBC}") = "esThings", "esThings\esThings.csproj", "{CBB2EA1A-B8FC-4DE5-8304-9EC317B624A1}"
EndProject
Project("{FAE04EC0-301F-11D3-BF4B-00C04F79EFBC}") = "esThings.Devices", "esThings.Devices\esThings.Devices.csproj", "{8B6AACEE-8083-4800-A4A9-73206D55DF9B}"
EndProject
Global
	GlobalSection(SolutionConfigurationPlatforms) = preSolution
		Debug|Any CPU = Debug|Any CPU
		Release|Any CPU = Release|Any CPU
	EndGlobalSection
	GlobalSection(ProjectConfigurationPlatforms) = postSolution
		{F8FA3582-3713-4B0B-B8CD-8C72AD054DB0}.Debug|Any CPU.ActiveCfg = Debug|Any CPU
		{F8FA3582-3713-4B0B-B8CD-8C72AD054DB0}.Debug|Any CPU.Build.0 = Debug|Any CPU
		{F8FA3582-3713-4B0B-B8CD-8C72AD054DB0}.Release|Any CPU.ActiveCfg = Release|Any CPU
		{F8FA3582-3713-4B0B-B8CD-8C72AD054DB0}.Release|Any CPU.Build.0 = Release|Any CPU
		{7D50BAB6-7ECF-4B2A-9877-DA120736A1F2}.Debug|Any CPU.ActiveCfg = Debug|Any CPU
		{7D50BAB6-7ECF-4B2A-9877-DA120736A1F2}.Debug|Any CPU.Build.0 = Debug|Any CPU
		{7D50BAB6-7ECF-4B2A-9877-DA120736A1F2}.Release|Any CPU.ActiveCfg = Release|Any CPU
		{7D50BAB6-7ECF-4B2A-9877-DA120736A1F2}.Release|Any CPU.Build.0 = Release|Any CPU
		{E5D9A737-0D9F-477F-9808-8B5BF77BEE37}.Debug|Any CPU.ActiveCfg = Debug|Any CPU
		{E5D9A737-0D9F-477F-9808-8B5BF77BEE37}.Debug|Any CPU.Build.0 = Debug|Any CPU
		{E5D9A737-0D9F-477F-9808-8B5BF77BEE37}.Release|Any CPU.ActiveCfg = Release|Any CPU
		{E5D9A737-0D9F-477F-9808-8B5BF77BEE37}.Release|Any CPU.Build.0 = Release|Any CPU
		{CBB2EA1A-B8FC-4DE5-8304-9EC317B624A1}.Debug|Any CPU.ActiveCfg = Debug|Any CPU
		{CBB2EA1A-B8FC-4DE5-8304-9EC317B624A1}.Debug|Any CPU.Build.0 = Debug|Any CPU
		{CBB2EA1A-B8FC-4DE5-8304-9EC317B624A1}.Release|Any CPU.ActiveCfg = Release|Any CPU
		{CBB2EA1A-B8FC-4DE5-8304-9EC317B624A1}.Release|Any CPU.Build.0 = Release|Any CPU
		{8B6AACEE-8083-4800-A4A9-73206D55DF9B}.Debug|Any CPU.ActiveCfg = Debug|Any CPU
		{8B6AACEE-8083-4800-A4A9-73206D55DF9B}.Debug|Any CPU.Build.0 = Debug|Any CPU
		{8B6AACEE-8083-4800-A4A9-73206D55DF9B}.Release|Any CPU.ActiveCfg = Release|Any CPU
		{8B6AACEE-8083-4800-A4A9-73206D55DF9B}.Release|Any CPU.Build.0 = Release|Any CPU
	EndGlobalSection
	GlobalSection(SolutionProperties) = preSolution
		HideSolutionNode = FALSE
	EndGlobalSection
	GlobalSection(NestedProjects) = preSolution
		{F8FA3582-3713-4B0B-B8CD-8C72AD054DB0} = {D9AA3AED-CDD8-44C8-A1FC-65EDD4C179A6}
		{7D50BAB6-7ECF-4B2A-9877-DA120736A1F2} = {D9AA3AED-CDD8-44C8-A1FC-65EDD4C179A6}
		{E5D9A737-0D9F-477F-9808-8B5BF77BEE37} = {D9AA3AED-CDD8-44C8-A1FC-65EDD4C179A6}
	EndGlobalSection
	GlobalSection(ExtensibilityGlobals) = postSolution
		EnterpriseLibraryConfigurationToolBinariesPathV6 = packages\EnterpriseLibrary.TransientFaultHandling.6.0.1304.0\lib\portable-net45+win+wp8
	EndGlobalSection
EndGlobal
